{
  "version": 4,
  "terraform_version": "0.12.26",
  "serial": 47,
  "lineage": "74fb44b5-bb61-5071-4cc0-9d79b4b278c6",
  "outputs": {},
  "resources": [
    {
      "mode": "managed",
      "type": "aws_default_route_table",
      "name": "routing_table",
      "provider": "provider.aws",
      "instances": [
        {
          "schema_version": 0,
          "attributes": {
            "default_route_table_id": "rtb-0324a5528a84a9d2e",
            "id": "rtb-0324a5528a84a9d2e",
            "owner_id": "136013817859",
            "propagating_vgws": null,
            "route": [
              {
                "cidr_block": "0.0.0.0/0",
                "egress_only_gateway_id": "",
                "gateway_id": "igw-0b3f17122aa26ba84",
                "instance_id": "",
                "ipv6_cidr_block": "",
                "nat_gateway_id": "",
                "network_interface_id": "",
                "transit_gateway_id": "",
                "vpc_peering_connection_id": ""
              }
            ],
            "tags": {
              "Name": "Route_table"
            },
            "vpc_id": "vpc-09d92a7df6001dbfd"
          },
          "private": "bnVsbA==",
          "dependencies": [
            "aws_internet_gateway.internet_getway",
            "aws_vpc.bobbyvpc"
          ]
        }
      ]
    },
    {
      "mode": "managed",
      "type": "aws_instance",
      "name": "bostion_host_instance",
      "provider": "provider.aws",
      "instances": [
        {
          "schema_version": 1,
          "attributes": {
            "ami": "ami-08706cb5f68222d09",
            "arn": "arn:aws:ec2:ap-south-1:136013817859:instance/i-02f740bf8b647461e",
            "associate_public_ip_address": true,
            "availability_zone": "ap-south-1a",
            "cpu_core_count": 1,
            "cpu_threads_per_core": 1,
            "credit_specification": [
              {
                "cpu_credits": "standard"
              }
            ],
            "disable_api_termination": false,
            "ebs_block_device": [],
            "ebs_optimized": false,
            "ephemeral_block_device": [],
            "get_password_data": false,
            "hibernation": false,
            "host_id": null,
            "iam_instance_profile": "",
            "id": "i-02f740bf8b647461e",
            "instance_initiated_shutdown_behavior": null,
            "instance_state": "running",
            "instance_type": "t2.micro",
            "ipv6_address_count": 0,
            "ipv6_addresses": [],
            "key_name": "task1_key",
            "metadata_options": [
              {
                "http_endpoint": "enabled",
                "http_put_response_hop_limit": 1,
                "http_tokens": "optional"
              }
            ],
            "monitoring": false,
            "network_interface": [],
            "outpost_arn": "",
            "password_data": "",
            "placement_group": "",
            "primary_network_interface_id": "eni-0dad99008875f4e7d",
            "private_dns": "ip-192-168-0-231.ap-south-1.compute.internal",
            "private_ip": "192.168.0.231",
            "public_dns": "",
            "public_ip": "52.66.208.163",
            "root_block_device": [
              {
                "delete_on_termination": true,
                "device_name": "/dev/xvda",
                "encrypted": false,
                "iops": 100,
                "kms_key_id": "",
                "volume_id": "vol-079d6e05189d086dd",
                "volume_size": 8,
                "volume_type": "gp2"
              }
            ],
            "secondary_private_ips": [],
            "security_groups": [],
            "source_dest_check": true,
            "subnet_id": "subnet-0a2ebe9da83993ffd",
            "tags": {
              "Name": "Bositon_Host_instance"
            },
            "tenancy": "default",
            "timeouts": null,
            "user_data": null,
            "user_data_base64": null,
            "volume_tags": {},
            "vpc_security_group_ids": [
              "sg-038da423981a00e34"
            ]
          },
          "private": "eyJlMmJmYjczMC1lY2FhLTExZTYtOGY4OC0zNDM2M2JjN2M0YzAiOnsiY3JlYXRlIjo2MDAwMDAwMDAwMDAsImRlbGV0ZSI6MTIwMDAwMDAwMDAwMCwidXBkYXRlIjo2MDAwMDAwMDAwMDB9LCJzY2hlbWFfdmVyc2lvbiI6IjEifQ==",
          "dependencies": [
            "aws_security_group.bostion_host_security_grp",
            "aws_subnet.public_subnet",
            "aws_vpc.bobbyvpc",
            "tls_private_key.key1"
          ]
        }
      ]
    },
    {
      "mode": "managed",
      "type": "aws_instance",
      "name": "mysql_instance",
      "provider": "provider.aws",
      "instances": [
        {
          "schema_version": 1,
          "attributes": {
            "ami": "ami-08706cb5f68222d09",
            "arn": "arn:aws:ec2:ap-south-1:136013817859:instance/i-0fed231ac59ff6ee7",
            "associate_public_ip_address": true,
            "availability_zone": "ap-south-1b",
            "cpu_core_count": 1,
            "cpu_threads_per_core": 1,
            "credit_specification": [
              {
                "cpu_credits": "standard"
              }
            ],
            "disable_api_termination": false,
            "ebs_block_device": [],
            "ebs_optimized": false,
            "ephemeral_block_device": [],
            "get_password_data": false,
            "hibernation": false,
            "host_id": null,
            "iam_instance_profile": "",
            "id": "i-0fed231ac59ff6ee7",
            "instance_initiated_shutdown_behavior": null,
            "instance_state": "running",
            "instance_type": "t2.micro",
            "ipv6_address_count": 0,
            "ipv6_addresses": [],
            "key_name": "task1_key",
            "metadata_options": [
              {
                "http_endpoint": "enabled",
                "http_put_response_hop_limit": 1,
                "http_tokens": "optional"
              }
            ],
            "monitoring": false,
            "network_interface": [],
            "outpost_arn": "",
            "password_data": "",
            "placement_group": "",
            "primary_network_interface_id": "eni-0b9670c6f2499d9d0",
            "private_dns": "ip-192-168-1-50.ap-south-1.compute.internal",
            "private_ip": "192.168.1.50",
            "public_dns": "",
            "public_ip": "13.234.29.29",
            "root_block_device": [
              {
                "delete_on_termination": true,
                "device_name": "/dev/xvda",
                "encrypted": false,
                "iops": 100,
                "kms_key_id": "",
                "volume_id": "vol-098374e6bc842873a",
                "volume_size": 8,
                "volume_type": "gp2"
              }
            ],
            "secondary_private_ips": [],
            "security_groups": [],
            "source_dest_check": true,
            "subnet_id": "subnet-03e6f46cadc1411b8",
            "tags": {
              "Name": "MySql_instance"
            },
            "tenancy": "default",
            "timeouts": null,
            "user_data": null,
            "user_data_base64": null,
            "volume_tags": {},
            "vpc_security_group_ids": [
              "sg-0ad1ab47e54ecb348"
            ]
          },
          "private": "eyJlMmJmYjczMC1lY2FhLTExZTYtOGY4OC0zNDM2M2JjN2M0YzAiOnsiY3JlYXRlIjo2MDAwMDAwMDAwMDAsImRlbGV0ZSI6MTIwMDAwMDAwMDAwMCwidXBkYXRlIjo2MDAwMDAwMDAwMDB9LCJzY2hlbWFfdmVyc2lvbiI6IjEifQ==",
          "dependencies": [
            "aws_security_group.bostion_host_security_grp",
            "aws_security_group.mysql_security_grp",
            "aws_security_group.wordpress_security_grp",
            "aws_subnet.private_subnet",
            "aws_vpc.bobbyvpc",
            "tls_private_key.key1"
          ]
        }
      ]
    },
    {
      "mode": "managed",
      "type": "aws_instance",
      "name": "wordpress_instance",
      "provider": "provider.aws",
      "instances": [
        {
          "schema_version": 1,
          "attributes": {
            "ami": "ami-0fab75b03b2c2152d",
            "arn": "arn:aws:ec2:ap-south-1:136013817859:instance/i-0b6144b6268b39e54",
            "associate_public_ip_address": true,
            "availability_zone": "ap-south-1a",
            "cpu_core_count": 1,
            "cpu_threads_per_core": 1,
            "credit_specification": [
              {
                "cpu_credits": "standard"
              }
            ],
            "disable_api_termination": false,
            "ebs_block_device": [],
            "ebs_optimized": false,
            "ephemeral_block_device": [],
            "get_password_data": false,
            "hibernation": false,
            "host_id": null,
            "iam_instance_profile": "",
            "id": "i-0b6144b6268b39e54",
            "instance_initiated_shutdown_behavior": null,
            "instance_state": "running",
            "instance_type": "t2.micro",
            "ipv6_address_count": 0,
            "ipv6_addresses": [],
            "key_name": "task1_key",
            "metadata_options": [
              {
                "http_endpoint": "enabled",
                "http_put_response_hop_limit": 1,
                "http_tokens": "optional"
              }
            ],
            "monitoring": false,
            "network_interface": [],
            "outpost_arn": "",
            "password_data": "",
            "placement_group": "",
            "primary_network_interface_id": "eni-0427fe0d8a0dd955d",
            "private_dns": "ip-192-168-0-218.ap-south-1.compute.internal",
            "private_ip": "192.168.0.218",
            "public_dns": "",
            "public_ip": "13.235.243.158",
            "root_block_device": [
              {
                "delete_on_termination": true,
                "device_name": "/dev/xvda",
                "encrypted": false,
                "iops": 100,
                "kms_key_id": "",
                "volume_id": "vol-06c00021d23411086",
                "volume_size": 10,
                "volume_type": "gp2"
              }
            ],
            "secondary_private_ips": [],
            "security_groups": [],
            "source_dest_check": true,
            "subnet_id": "subnet-0a2ebe9da83993ffd",
            "tags": {
              "Name": "WordPress_instance"
            },
            "tenancy": "default",
            "timeouts": null,
            "user_data": null,
            "user_data_base64": null,
            "volume_tags": {},
            "vpc_security_group_ids": [
              "sg-07784d91814cff1f9"
            ]
          },
          "private": "eyJlMmJmYjczMC1lY2FhLTExZTYtOGY4OC0zNDM2M2JjN2M0YzAiOnsiY3JlYXRlIjo2MDAwMDAwMDAwMDAsImRlbGV0ZSI6MTIwMDAwMDAwMDAwMCwidXBkYXRlIjo2MDAwMDAwMDAwMDB9LCJzY2hlbWFfdmVyc2lvbiI6IjEifQ==",
          "dependencies": [
            "aws_security_group.bostion_host_security_grp",
            "aws_security_group.wordpress_security_grp",
            "aws_subnet.public_subnet",
            "aws_vpc.bobbyvpc",
            "tls_private_key.key1"
          ]
        }
      ]
    },
    {
      "mode": "managed",
      "type": "aws_internet_gateway",
      "name": "internet_getway",
      "provider": "provider.aws",
      "instances": [
        {
          "schema_version": 0,
          "attributes": {
            "arn": "arn:aws:ec2:ap-south-1:136013817859:internet-gateway/igw-0b3f17122aa26ba84",
            "id": "igw-0b3f17122aa26ba84",
            "owner_id": "136013817859",
            "tags": {
              "Name": "Internet Getway"
            },
            "vpc_id": "vpc-09d92a7df6001dbfd"
          },
          "private": "bnVsbA==",
          "dependencies": [
            "aws_vpc.bobbyvpc"
          ]
        }
      ]
    },
    {
      "mode": "managed",
      "type": "aws_key_pair",
      "name": "key3",
      "provider": "provider.aws",
      "instances": [
        {
          "schema_version": 1,
          "attributes": {
            "arn": "arn:aws:ec2:ap-south-1:136013817859:key-pair/task1_key",
            "fingerprint": "3f:5d:a2:db:35:8a:0b:51:ac:85:6f:c0:3c:90:95:f4",
            "id": "task1_key",
            "key_name": "task1_key",
            "key_name_prefix": null,
            "key_pair_id": "key-09526790cd98d1433",
            "public_key": "ssh-rsa AAAAB3NzaC1yc2EAAAADAQABAAACAQCtljgZKSuJVWHQTg6oyz+8gy+Di1nblxwKMn7AFwe/lZBnlEjGnrZw/wUjNFntslV/fzuJo1uIO7BsQxvm4sb+DEvxUXfoyU1AzIcbVFHO6kGh90K7T/x5hef0c/BLLEIAMQOXjdV9wK7ZkSim6mctnf2qO2rFB4zrqzk+6zOzx2UGd+1UxnQ4jP7wz5WaDdLA1o2wFAx/EZ+Ct/oskG6O46yLdfFHtSKC5u9pbLdRaFTd5Fm4R9GDlCxbyiU8OcK22VCTzbV/UPWBpsylSi2LujxWu0gfc7HfBc1QW0BXvOF6GxbmVTieqiaKZCzC5TU+jreVnhhDmvd7hqBYBDk9/O8RmGvhtjMR7RjIPeoMkTRWIKAHUsigXkxeT7NmWspleetgugi4C8keDMToUC2+7R3GF/WOLoKBOJuBPS7XZhH+CopO68cVpOIgKXQl+g2uZsJM6DG1oXQC4fU6ECnAWbRcIfZ8THtq5WB48tcCZwtkTaM/dvEoDhCuGQsPA9rlttJVDL3ZMVK4lwwDgm38pSOu0/sqwl1SUSjOxRzFH3IWZu8RVCcUYNk11eyuRL6HEATfHF+3oU32IXs2TF7GwHs20I3JP+VC/0eh6uYv01d2o3SW+PaLIFv6dYMCbDAF5YPw2R2H/QCY7oEQcnNPalWxqbFjhm7A1PdByR8Chw==",
            "tags": null
          },
          "private": "eyJzY2hlbWFfdmVyc2lvbiI6IjEifQ==",
          "dependencies": [
            "tls_private_key.key1"
          ]
        }
      ]
    },
    {
      "mode": "managed",
      "type": "aws_route_table_association",
      "name": "routing_table_asson",
      "provider": "provider.aws",
      "instances": [
        {
          "schema_version": 0,
          "attributes": {
            "gateway_id": null,
            "id": "rtbassoc-0cfd1892d4e5302bb",
            "route_table_id": "rtb-0324a5528a84a9d2e",
            "subnet_id": "subnet-0a2ebe9da83993ffd"
          },
          "private": "bnVsbA==",
          "dependencies": [
            "aws_default_route_table.routing_table",
            "aws_internet_gateway.internet_getway",
            "aws_subnet.public_subnet",
            "aws_vpc.bobbyvpc"
          ]
        }
      ]
    },
    {
      "mode": "managed",
      "type": "aws_security_group",
      "name": "bostion_host_security_grp",
      "provider": "provider.aws",
      "instances": [
        {
          "schema_version": 1,
          "attributes": {
            "arn": "arn:aws:ec2:ap-south-1:136013817859:security-group/sg-038da423981a00e34",
            "description": "Managed by Terraform",
            "egress": [
              {
                "cidr_blocks": [
                  "0.0.0.0/0"
                ],
                "description": "",
                "from_port": 0,
                "ipv6_cidr_blocks": [],
                "prefix_list_ids": [],
                "protocol": "-1",
                "security_groups": [],
                "self": false,
                "to_port": 0
              }
            ],
            "id": "sg-038da423981a00e34",
            "ingress": [
              {
                "cidr_blocks": [
                  "0.0.0.0/0"
                ],
                "description": "For login to bostion host from anywhere",
                "from_port": 22,
                "ipv6_cidr_blocks": [
                  "::/0"
                ],
                "prefix_list_ids": [],
                "protocol": "tcp",
                "security_groups": [],
                "self": false,
                "to_port": 22
              }
            ],
            "name": "bostion_host_security_grp",
            "name_prefix": "",
            "owner_id": "136013817859",
            "revoke_rules_on_delete": false,
            "tags": {
              "Name": "Security_Group_Bostion_host"
            },
            "timeouts": null,
            "vpc_id": "vpc-09d92a7df6001dbfd"
          },
          "private": "eyJlMmJmYjczMC1lY2FhLTExZTYtOGY4OC0zNDM2M2JjN2M0YzAiOnsiY3JlYXRlIjo2MDAwMDAwMDAwMDAsImRlbGV0ZSI6NjAwMDAwMDAwMDAwfSwic2NoZW1hX3ZlcnNpb24iOiIxIn0=",
          "dependencies": [
            "aws_vpc.bobbyvpc"
          ]
        }
      ]
    },
    {
      "mode": "managed",
      "type": "aws_security_group",
      "name": "mysql_security_grp",
      "provider": "provider.aws",
      "instances": [
        {
          "schema_version": 1,
          "attributes": {
            "arn": "arn:aws:ec2:ap-south-1:136013817859:security-group/sg-0ad1ab47e54ecb348",
            "description": "Managed by Terraform",
            "egress": [
              {
                "cidr_blocks": [
                  "0.0.0.0/0"
                ],
                "description": "",
                "from_port": 0,
                "ipv6_cidr_blocks": [
                  "::/0"
                ],
                "prefix_list_ids": [],
                "protocol": "-1",
                "security_groups": [],
                "self": false,
                "to_port": 0
              }
            ],
            "id": "sg-0ad1ab47e54ecb348",
            "ingress": [
              {
                "cidr_blocks": [],
                "description": "Only bostion host can connect to MySql using ssh",
                "from_port": 22,
                "ipv6_cidr_blocks": [
                  "::/0"
                ],
                "prefix_list_ids": [],
                "protocol": "tcp",
                "security_groups": [
                  "sg-038da423981a00e34"
                ],
                "self": false,
                "to_port": 22
              },
              {
                "cidr_blocks": [],
                "description": "Only web ping sql from public subnet",
                "from_port": -1,
                "ipv6_cidr_blocks": [
                  "::/0"
                ],
                "prefix_list_ids": [],
                "protocol": "icmp",
                "security_groups": [
                  "sg-07784d91814cff1f9"
                ],
                "self": false,
                "to_port": -1
              },
              {
                "cidr_blocks": [],
                "description": "WordPress can connect to MySql",
                "from_port": 3306,
                "ipv6_cidr_blocks": [],
                "prefix_list_ids": [],
                "protocol": "tcp",
                "security_groups": [
                  "sg-07784d91814cff1f9"
                ],
                "self": false,
                "to_port": 3306
              }
            ],
            "name": "mysqlsecuritygrp",
            "name_prefix": "",
            "owner_id": "136013817859",
            "revoke_rules_on_delete": false,
            "tags": {
              "Name": "Security_Group_MySql"
            },
            "timeouts": null,
            "vpc_id": "vpc-09d92a7df6001dbfd"
          },
          "private": "eyJlMmJmYjczMC1lY2FhLTExZTYtOGY4OC0zNDM2M2JjN2M0YzAiOnsiY3JlYXRlIjo2MDAwMDAwMDAwMDAsImRlbGV0ZSI6NjAwMDAwMDAwMDAwfSwic2NoZW1hX3ZlcnNpb24iOiIxIn0=",
          "dependencies": [
            "aws_security_group.bostion_host_security_grp",
            "aws_security_group.wordpress_security_grp",
            "aws_vpc.bobbyvpc"
          ]
        }
      ]
    },
    {
      "mode": "managed",
      "type": "aws_security_group",
      "name": "wordpress_security_grp",
      "provider": "provider.aws",
      "instances": [
        {
          "schema_version": 1,
          "attributes": {
            "arn": "arn:aws:ec2:ap-south-1:136013817859:security-group/sg-07784d91814cff1f9",
            "description": "Managed by Terraform",
            "egress": [
              {
                "cidr_blocks": [
                  "0.0.0.0/0"
                ],
                "description": "",
                "from_port": 0,
                "ipv6_cidr_blocks": [
                  "::/0"
                ],
                "prefix_list_ids": [],
                "protocol": "-1",
                "security_groups": [],
                "self": false,
                "to_port": 0
              }
            ],
            "id": "sg-07784d91814cff1f9",
            "ingress": [
              {
                "cidr_blocks": [
                  "0.0.0.0/0"
                ],
                "description": "For connecting to WordPress from outside world",
                "from_port": 80,
                "ipv6_cidr_blocks": [
                  "::/0"
                ],
                "prefix_list_ids": [],
                "protocol": "tcp",
                "security_groups": [],
                "self": false,
                "to_port": 80
              },
              {
                "cidr_blocks": [
                  "0.0.0.0/0"
                ],
                "description": "icmp from VPC",
                "from_port": -1,
                "ipv6_cidr_blocks": [
                  "::/0"
                ],
                "prefix_list_ids": [],
                "protocol": "icmp",
                "security_groups": [],
                "self": false,
                "to_port": -1
              },
              {
                "cidr_blocks": [],
                "description": "Only bostion host can connect to WordPress using ssh",
                "from_port": 22,
                "ipv6_cidr_blocks": [
                  "::/0"
                ],
                "prefix_list_ids": [],
                "protocol": "tcp",
                "security_groups": [
                  "sg-038da423981a00e34"
                ],
                "self": false,
                "to_port": 22
              }
            ],
            "name": "wordpress_security_grp",
            "name_prefix": "",
            "owner_id": "136013817859",
            "revoke_rules_on_delete": false,
            "tags": {
              "Name": "Security_Group_WordPress"
            },
            "timeouts": null,
            "vpc_id": "vpc-09d92a7df6001dbfd"
          },
          "private": "eyJlMmJmYjczMC1lY2FhLTExZTYtOGY4OC0zNDM2M2JjN2M0YzAiOnsiY3JlYXRlIjo2MDAwMDAwMDAwMDAsImRlbGV0ZSI6NjAwMDAwMDAwMDAwfSwic2NoZW1hX3ZlcnNpb24iOiIxIn0=",
          "dependencies": [
            "aws_security_group.bostion_host_security_grp",
            "aws_vpc.bobbyvpc"
          ]
        }
      ]
    },
    {
      "mode": "managed",
      "type": "aws_subnet",
      "name": "private_subnet",
      "provider": "provider.aws",
      "instances": [
        {
          "schema_version": 1,
          "attributes": {
            "arn": "arn:aws:ec2:ap-south-1:136013817859:subnet/subnet-03e6f46cadc1411b8",
            "assign_ipv6_address_on_creation": false,
            "availability_zone": "ap-south-1b",
            "availability_zone_id": "aps1-az3",
            "cidr_block": "192.168.1.0/24",
            "id": "subnet-03e6f46cadc1411b8",
            "ipv6_cidr_block": "",
            "ipv6_cidr_block_association_id": "",
            "map_public_ip_on_launch": true,
            "outpost_arn": "",
            "owner_id": "136013817859",
            "tags": {
              "Name": "Private_Subnet"
            },
            "timeouts": null,
            "vpc_id": "vpc-09d92a7df6001dbfd"
          },
          "private": "eyJlMmJmYjczMC1lY2FhLTExZTYtOGY4OC0zNDM2M2JjN2M0YzAiOnsiY3JlYXRlIjo2MDAwMDAwMDAwMDAsImRlbGV0ZSI6MTIwMDAwMDAwMDAwMH0sInNjaGVtYV92ZXJzaW9uIjoiMSJ9",
          "dependencies": [
            "aws_vpc.bobbyvpc"
          ]
        }
      ]
    },
    {
      "mode": "managed",
      "type": "aws_subnet",
      "name": "public_subnet",
      "provider": "provider.aws",
      "instances": [
        {
          "schema_version": 1,
          "attributes": {
            "arn": "arn:aws:ec2:ap-south-1:136013817859:subnet/subnet-0a2ebe9da83993ffd",
            "assign_ipv6_address_on_creation": false,
            "availability_zone": "ap-south-1a",
            "availability_zone_id": "aps1-az1",
            "cidr_block": "192.168.0.0/24",
            "id": "subnet-0a2ebe9da83993ffd",
            "ipv6_cidr_block": "",
            "ipv6_cidr_block_association_id": "",
            "map_public_ip_on_launch": true,
            "outpost_arn": "",
            "owner_id": "136013817859",
            "tags": {
              "Name": "Public_Subnet"
            },
            "timeouts": null,
            "vpc_id": "vpc-09d92a7df6001dbfd"
          },
          "private": "eyJlMmJmYjczMC1lY2FhLTExZTYtOGY4OC0zNDM2M2JjN2M0YzAiOnsiY3JlYXRlIjo2MDAwMDAwMDAwMDAsImRlbGV0ZSI6MTIwMDAwMDAwMDAwMH0sInNjaGVtYV92ZXJzaW9uIjoiMSJ9",
          "dependencies": [
            "aws_vpc.bobbyvpc"
          ]
        }
      ]
    },
    {
      "mode": "managed",
      "type": "aws_vpc",
      "name": "bobbyvpc",
      "provider": "provider.aws",
      "instances": [
        {
          "schema_version": 1,
          "attributes": {
            "arn": "arn:aws:ec2:ap-south-1:136013817859:vpc/vpc-09d92a7df6001dbfd",
            "assign_generated_ipv6_cidr_block": false,
            "cidr_block": "192.168.0.0/16",
            "default_network_acl_id": "acl-0304a8bfa30ea449f",
            "default_route_table_id": "rtb-0324a5528a84a9d2e",
            "default_security_group_id": "sg-07964da9518637022",
            "dhcp_options_id": "dopt-479e5c2c",
            "enable_classiclink": null,
            "enable_classiclink_dns_support": null,
            "enable_dns_hostnames": false,
            "enable_dns_support": true,
            "id": "vpc-09d92a7df6001dbfd",
            "instance_tenancy": "default",
            "ipv6_association_id": "",
            "ipv6_cidr_block": "",
            "main_route_table_id": "rtb-0324a5528a84a9d2e",
            "owner_id": "136013817859",
            "tags": {
              "Name": "bobbyvpc"
            }
          },
          "private": "eyJzY2hlbWFfdmVyc2lvbiI6IjEifQ=="
        }
      ]
    },
    {
      "mode": "managed",
      "type": "local_file",
      "name": "key2",
      "provider": "provider.local",
      "instances": [
        {
          "schema_version": 0,
          "attributes": {
            "content": "-----BEGIN RSA PRIVATE KEY-----\nMIIJKAIBAAKCAgEArZY4GSkriVVh0E4OqMs/vIMvg4tZ25ccCjJ+wBcHv5WQZ5RI\nxp62cP8FIzRZ7bJVf387iaNbiDuwbEMb5uLG/gxL8VF36MlNQMyHG1RRzupBofdC\nu0/8eYXn9HPwSyxCADEDl43VfcCu2ZEopupnLZ39qjtqxQeM66s5Puszs8dlBnft\nVMZ0OIz+8M+Vmg3SwNaNsBQMfxGfgrf6LJBujuOsi3XxR7UigubvaWy3UWhU3eRZ\nuEfRg5QsW8olPDnCttlQk821f1D1gabMpUoti7o8VrtIH3Ox3wXNUFtAV7zhehsW\n5lU4nqomimQswuU1Po63lZ4YQ5r3e4agWAQ5PfzvEZhr4bYzEe0YyD3qDJE0ViCg\nB1LIoF5MXk+zZlrKZXnrYLoIuAvJHgzE6FAtvu0dxhf1ji6CgTibgT0u12YR/gqK\nTuvHFaTiICl0JfoNrmbCTOgxtaF0AuH1OhApwFm0XCH2fEx7auVgePLXAmcLZE2j\nP3bxKA4QrhkLDwPa5bbSVQy92TFSuJcMA4Jt/KUjrtP7KsJdUlEozsUcxR9yFmbv\nEVQnFGDZNdXsrkS+hxAE3xxft6FN9iF7NkxexsB7NtCNyT/lQv9HoermL9NXdqN0\nlvj2iyBb+nWDAmwwBeWD8Nkdh/0AmO6BEHJzT2pVsamxY4ZuwNT3QckfAocCAwEA\nAQKCAgEAhYqVabXkiminMUt7t5t1Ux9RRE/GN0sPBUFHhZuyGE+FoknPmw2qqU9n\nsmep71VMtSM6uG52El5pIUCXjI5WLEdlfScBqpKC3iD6p6m8rgRFrca9DcFBKHQ9\nuDAhYpOPyvnqG4PABFhhq3si3RZjfhKXfYjsYNuoK/2zspXbVqlFLS7B5IAwFPlT\ngAsSukt8IWJt6lHiMzdpkXTb/8C1bTP2H+wCTPoqrK3g7Sf396bd8z6jT0PhCOrL\nHWpsLuL4yxZwCOUuhd3QoYei1F42n9IMbWTy3U9yPXMHOpSY8WabyAZjHZveTSH1\nOG5MiTswNQoybeYMIKZtUhiF7nCBX8yGEAgFj4JlKAnkiffR9HgQ9gCd0wlO7RtU\n8ptkPScsJ+y0cljfaEF4YOoobegMRuUiuyH7603FJZ5JvA5t/o0alvUxc6ypbO5Y\nSFMUQfArvMoinKTke29VEY60mcKXfZXVlrbvzMAc94MHN/OdSJvqajtqcssdDmYt\nWeawy1QgfNiNgtevtDRn/U6wmCVS5fWLkjEh+WrVLzZG5DDxlrixXjtDwL+kxEtJ\nr9716s3zxxbuoEGaUOmTviqNLNbyvnQZsvzvH28Cdk/mWYk7w5Ydmm7RaeqfOw4k\nig33eBYzFmYwwD3TuX/MWbQ5PhejpczjY6evH1dCYhEvONwOgKECggEBANOlA8aC\nlRK3FEQH5sShpgeqjZPRbo5vkSnya0X4GhkDscoaBmvUgalRSjL3HkDIs7/SWv2U\nRTb8cpxO4Ioc1XE7mf7imAdBCAkqlSbxMPO0r4c9PkqnTJobztMAgHjF6pv+G9dQ\n+xlNJjlBXXYM8KT9ELqcTaEXT6Ya3ya+JA0vciwVszwtwcglU4OxVvaXm+7BZxrC\nbt02Kv/oE9TEctoCkwWNHtV+2cL/PWFsEJ3wE6QcRdYQqozUTZErr+Ir46vIJgeD\n3jaOBgFyczx9ZhYj0FeovHIMUg8JQixBQ1cbzVMNqVMoCFeNS/M8WTaIfu81pQAE\nNyggm9AxAwS9b58CggEBANH3W7BZzMvWW+Jg34rfMTPaM4lDhj0C0fUvtFaz+Skk\ntlfSaeg84RExjWG+UAYaEusI0eEUX7dFIOHn211ca1SQVzC1gsQVKTNq+vPn0pYv\nqNHF1SE/I5QxejifHXXz+b6MgC9RBqYJUNP6AXx1ReswZ/9Bu0OZEYMbJfcheWT0\ngJDOyuA4IOUo9WBMxw/HAbBaqkkOwpfpAQ5CVRWA7u69s+soL1jh823WlT8g1YaP\noEh9MTwEzfTWuJt2296Rduy6bChf0Xm1ICjLrhbeR0bt6/+iQSyzihFlceNvG+bT\noakpul/jPj/2B6ZTimURKbNzEygX6Iz4J5R2amrbZBkCggEABEDLq6CSKFcfhCJ4\ng7kP4hWOVMsfoqMhUqt5dmV++MO3Pe159Y7GsEVe7VlD9V9TJWavx2rEXU+Dahq3\nrm7X5zegZ5vcHEE1TSHa73ZnWm5mHJyhdNSZ2Hr4lArtif/IMCxSGOiasy52ty3W\nF/o4l8gyHt3nPXZ/dkIR+/BUPyOV8sbY3Du7Ki991yaoLbpsOscOMF555d4hzRS3\n2U29VR46ICFu3jF3ZNDGRf/q8ZGSg3jB+oRJOR1HFcS/+xaQs7II+Zuvyn7eJgdL\nw4ptk8JSfIB6kPwoZf70onkJRmXboXCj13T1ffTr8s5iqJLjoiD82Nw804ScPPnP\nKrg31wKCAQBnqi4NyrhvZ31kLpoP8ZRUWoYZXkpXsx3AZXYvXJpG8wZII+4AKJai\nq4l3WcQezx7KBkfBThLX5HyQrK3E0Y14ae9ycBuI/j2iUk5mv+1cE1nRgFBzIr5J\nO4hxjjW4d+W1a58aPXH/5hePIR88uJX1waeHAogXnupjhbLf6hoKeyFC3aaSv4OW\nQPutORsLMiEmVg0/FteCsxq/VIa3oDnXi7faAbQmuSA7+bckPOzPi/gB8jWtwV2C\nZcUtlKiHoeBKjtw5rt04rvGa0r04MzST04Iya4SsMlSXtDNfrArlk1V8tMp87zBb\n2ff66cIplii1nbo2kF9Twm2gQjrWWU15AoIBAAzh1vR7VQD50loIQZmq33uykQoY\nz2PAOiRl1Y4rxfVpAbivUlHSZFbjj1PXkeTXdpkSW3AiWMUdvkW0hPLsJfRh9QkA\nUMFce36yxzQV7yEWgQhS1c4YLWZclocrjCQX8l2eQ37HSAbQe9kxLCMskE2B/mG7\nKwU7nZtfxXhaGEWweSkK8qfZQxrLwFvGkxSL9AX7lUbvsnriMrb5cVXgtG5T84C3\nVoaLwzpm/vNEmY9ZcMlNZOigAZFu4YQO3swqn6Gs/yKTNG3XuGTWZAy4FCZR+EP2\nXrTLaHOVOgHGrP3PnODpHJ/F50DOd1it21USwpgOUtZfOw4ZI1jOUllSUHI=\n-----END RSA PRIVATE KEY-----\n",
            "content_base64": null,
            "directory_permission": "0777",
            "file_permission": "400",
            "filename": "task1_key.pem",
            "id": "8a5b7400032035b6a504cf110ec5d7eb5d00a0f0",
            "sensitive_content": null
          },
          "private": "bnVsbA==",
          "dependencies": [
            "tls_private_key.key1"
          ]
        }
      ]
    },
    {
      "mode": "managed",
      "type": "null_resource",
      "name": "writing_ip_to_local_file",
      "provider": "provider.null",
      "instances": [
        {
          "schema_version": 0,
          "attributes": {
            "id": "5712063230891868047",
            "triggers": null
          },
          "private": "bnVsbA==",
          "dependencies": [
            "aws_instance.bostion_host_instance",
            "aws_instance.mysql_instance",
            "aws_instance.wordpress_instance",
            "aws_security_group.bostion_host_security_grp",
            "aws_security_group.mysql_security_grp",
            "aws_security_group.wordpress_security_grp",
            "aws_subnet.private_subnet",
            "aws_subnet.public_subnet",
            "aws_vpc.bobbyvpc",
            "tls_private_key.key1"
          ]
        }
      ]
    },
    {
      "mode": "managed",
      "type": "tls_private_key",
      "name": "key1",
      "provider": "provider.tls",
      "instances": [
        {
          "schema_version": 0,
          "attributes": {
            "algorithm": "RSA",
            "ecdsa_curve": "P224",
            "id": "4d4a5c6e8f00d14e5367f60ed13851c66aebbc28",
            "private_key_pem": "-----BEGIN RSA PRIVATE KEY-----\nMIIJKAIBAAKCAgEArZY4GSkriVVh0E4OqMs/vIMvg4tZ25ccCjJ+wBcHv5WQZ5RI\nxp62cP8FIzRZ7bJVf387iaNbiDuwbEMb5uLG/gxL8VF36MlNQMyHG1RRzupBofdC\nu0/8eYXn9HPwSyxCADEDl43VfcCu2ZEopupnLZ39qjtqxQeM66s5Puszs8dlBnft\nVMZ0OIz+8M+Vmg3SwNaNsBQMfxGfgrf6LJBujuOsi3XxR7UigubvaWy3UWhU3eRZ\nuEfRg5QsW8olPDnCttlQk821f1D1gabMpUoti7o8VrtIH3Ox3wXNUFtAV7zhehsW\n5lU4nqomimQswuU1Po63lZ4YQ5r3e4agWAQ5PfzvEZhr4bYzEe0YyD3qDJE0ViCg\nB1LIoF5MXk+zZlrKZXnrYLoIuAvJHgzE6FAtvu0dxhf1ji6CgTibgT0u12YR/gqK\nTuvHFaTiICl0JfoNrmbCTOgxtaF0AuH1OhApwFm0XCH2fEx7auVgePLXAmcLZE2j\nP3bxKA4QrhkLDwPa5bbSVQy92TFSuJcMA4Jt/KUjrtP7KsJdUlEozsUcxR9yFmbv\nEVQnFGDZNdXsrkS+hxAE3xxft6FN9iF7NkxexsB7NtCNyT/lQv9HoermL9NXdqN0\nlvj2iyBb+nWDAmwwBeWD8Nkdh/0AmO6BEHJzT2pVsamxY4ZuwNT3QckfAocCAwEA\nAQKCAgEAhYqVabXkiminMUt7t5t1Ux9RRE/GN0sPBUFHhZuyGE+FoknPmw2qqU9n\nsmep71VMtSM6uG52El5pIUCXjI5WLEdlfScBqpKC3iD6p6m8rgRFrca9DcFBKHQ9\nuDAhYpOPyvnqG4PABFhhq3si3RZjfhKXfYjsYNuoK/2zspXbVqlFLS7B5IAwFPlT\ngAsSukt8IWJt6lHiMzdpkXTb/8C1bTP2H+wCTPoqrK3g7Sf396bd8z6jT0PhCOrL\nHWpsLuL4yxZwCOUuhd3QoYei1F42n9IMbWTy3U9yPXMHOpSY8WabyAZjHZveTSH1\nOG5MiTswNQoybeYMIKZtUhiF7nCBX8yGEAgFj4JlKAnkiffR9HgQ9gCd0wlO7RtU\n8ptkPScsJ+y0cljfaEF4YOoobegMRuUiuyH7603FJZ5JvA5t/o0alvUxc6ypbO5Y\nSFMUQfArvMoinKTke29VEY60mcKXfZXVlrbvzMAc94MHN/OdSJvqajtqcssdDmYt\nWeawy1QgfNiNgtevtDRn/U6wmCVS5fWLkjEh+WrVLzZG5DDxlrixXjtDwL+kxEtJ\nr9716s3zxxbuoEGaUOmTviqNLNbyvnQZsvzvH28Cdk/mWYk7w5Ydmm7RaeqfOw4k\nig33eBYzFmYwwD3TuX/MWbQ5PhejpczjY6evH1dCYhEvONwOgKECggEBANOlA8aC\nlRK3FEQH5sShpgeqjZPRbo5vkSnya0X4GhkDscoaBmvUgalRSjL3HkDIs7/SWv2U\nRTb8cpxO4Ioc1XE7mf7imAdBCAkqlSbxMPO0r4c9PkqnTJobztMAgHjF6pv+G9dQ\n+xlNJjlBXXYM8KT9ELqcTaEXT6Ya3ya+JA0vciwVszwtwcglU4OxVvaXm+7BZxrC\nbt02Kv/oE9TEctoCkwWNHtV+2cL/PWFsEJ3wE6QcRdYQqozUTZErr+Ir46vIJgeD\n3jaOBgFyczx9ZhYj0FeovHIMUg8JQixBQ1cbzVMNqVMoCFeNS/M8WTaIfu81pQAE\nNyggm9AxAwS9b58CggEBANH3W7BZzMvWW+Jg34rfMTPaM4lDhj0C0fUvtFaz+Skk\ntlfSaeg84RExjWG+UAYaEusI0eEUX7dFIOHn211ca1SQVzC1gsQVKTNq+vPn0pYv\nqNHF1SE/I5QxejifHXXz+b6MgC9RBqYJUNP6AXx1ReswZ/9Bu0OZEYMbJfcheWT0\ngJDOyuA4IOUo9WBMxw/HAbBaqkkOwpfpAQ5CVRWA7u69s+soL1jh823WlT8g1YaP\noEh9MTwEzfTWuJt2296Rduy6bChf0Xm1ICjLrhbeR0bt6/+iQSyzihFlceNvG+bT\noakpul/jPj/2B6ZTimURKbNzEygX6Iz4J5R2amrbZBkCggEABEDLq6CSKFcfhCJ4\ng7kP4hWOVMsfoqMhUqt5dmV++MO3Pe159Y7GsEVe7VlD9V9TJWavx2rEXU+Dahq3\nrm7X5zegZ5vcHEE1TSHa73ZnWm5mHJyhdNSZ2Hr4lArtif/IMCxSGOiasy52ty3W\nF/o4l8gyHt3nPXZ/dkIR+/BUPyOV8sbY3Du7Ki991yaoLbpsOscOMF555d4hzRS3\n2U29VR46ICFu3jF3ZNDGRf/q8ZGSg3jB+oRJOR1HFcS/+xaQs7II+Zuvyn7eJgdL\nw4ptk8JSfIB6kPwoZf70onkJRmXboXCj13T1ffTr8s5iqJLjoiD82Nw804ScPPnP\nKrg31wKCAQBnqi4NyrhvZ31kLpoP8ZRUWoYZXkpXsx3AZXYvXJpG8wZII+4AKJai\nq4l3WcQezx7KBkfBThLX5HyQrK3E0Y14ae9ycBuI/j2iUk5mv+1cE1nRgFBzIr5J\nO4hxjjW4d+W1a58aPXH/5hePIR88uJX1waeHAogXnupjhbLf6hoKeyFC3aaSv4OW\nQPutORsLMiEmVg0/FteCsxq/VIa3oDnXi7faAbQmuSA7+bckPOzPi/gB8jWtwV2C\nZcUtlKiHoeBKjtw5rt04rvGa0r04MzST04Iya4SsMlSXtDNfrArlk1V8tMp87zBb\n2ff66cIplii1nbo2kF9Twm2gQjrWWU15AoIBAAzh1vR7VQD50loIQZmq33uykQoY\nz2PAOiRl1Y4rxfVpAbivUlHSZFbjj1PXkeTXdpkSW3AiWMUdvkW0hPLsJfRh9QkA\nUMFce36yxzQV7yEWgQhS1c4YLWZclocrjCQX8l2eQ37HSAbQe9kxLCMskE2B/mG7\nKwU7nZtfxXhaGEWweSkK8qfZQxrLwFvGkxSL9AX7lUbvsnriMrb5cVXgtG5T84C3\nVoaLwzpm/vNEmY9ZcMlNZOigAZFu4YQO3swqn6Gs/yKTNG3XuGTWZAy4FCZR+EP2\nXrTLaHOVOgHGrP3PnODpHJ/F50DOd1it21USwpgOUtZfOw4ZI1jOUllSUHI=\n-----END RSA PRIVATE KEY-----\n",
            "public_key_fingerprint_md5": "a2:48:8a:36:8c:1f:63:b4:1b:3f:ff:69:1f:0b:34:8a",
            "public_key_openssh": "ssh-rsa AAAAB3NzaC1yc2EAAAADAQABAAACAQCtljgZKSuJVWHQTg6oyz+8gy+Di1nblxwKMn7AFwe/lZBnlEjGnrZw/wUjNFntslV/fzuJo1uIO7BsQxvm4sb+DEvxUXfoyU1AzIcbVFHO6kGh90K7T/x5hef0c/BLLEIAMQOXjdV9wK7ZkSim6mctnf2qO2rFB4zrqzk+6zOzx2UGd+1UxnQ4jP7wz5WaDdLA1o2wFAx/EZ+Ct/oskG6O46yLdfFHtSKC5u9pbLdRaFTd5Fm4R9GDlCxbyiU8OcK22VCTzbV/UPWBpsylSi2LujxWu0gfc7HfBc1QW0BXvOF6GxbmVTieqiaKZCzC5TU+jreVnhhDmvd7hqBYBDk9/O8RmGvhtjMR7RjIPeoMkTRWIKAHUsigXkxeT7NmWspleetgugi4C8keDMToUC2+7R3GF/WOLoKBOJuBPS7XZhH+CopO68cVpOIgKXQl+g2uZsJM6DG1oXQC4fU6ECnAWbRcIfZ8THtq5WB48tcCZwtkTaM/dvEoDhCuGQsPA9rlttJVDL3ZMVK4lwwDgm38pSOu0/sqwl1SUSjOxRzFH3IWZu8RVCcUYNk11eyuRL6HEATfHF+3oU32IXs2TF7GwHs20I3JP+VC/0eh6uYv01d2o3SW+PaLIFv6dYMCbDAF5YPw2R2H/QCY7oEQcnNPalWxqbFjhm7A1PdByR8Chw==\n",
            "public_key_pem": "-----BEGIN PUBLIC KEY-----\nMIICIjANBgkqhkiG9w0BAQEFAAOCAg8AMIICCgKCAgEArZY4GSkriVVh0E4OqMs/\nvIMvg4tZ25ccCjJ+wBcHv5WQZ5RIxp62cP8FIzRZ7bJVf387iaNbiDuwbEMb5uLG\n/gxL8VF36MlNQMyHG1RRzupBofdCu0/8eYXn9HPwSyxCADEDl43VfcCu2ZEopupn\nLZ39qjtqxQeM66s5Puszs8dlBnftVMZ0OIz+8M+Vmg3SwNaNsBQMfxGfgrf6LJBu\njuOsi3XxR7UigubvaWy3UWhU3eRZuEfRg5QsW8olPDnCttlQk821f1D1gabMpUot\ni7o8VrtIH3Ox3wXNUFtAV7zhehsW5lU4nqomimQswuU1Po63lZ4YQ5r3e4agWAQ5\nPfzvEZhr4bYzEe0YyD3qDJE0ViCgB1LIoF5MXk+zZlrKZXnrYLoIuAvJHgzE6FAt\nvu0dxhf1ji6CgTibgT0u12YR/gqKTuvHFaTiICl0JfoNrmbCTOgxtaF0AuH1OhAp\nwFm0XCH2fEx7auVgePLXAmcLZE2jP3bxKA4QrhkLDwPa5bbSVQy92TFSuJcMA4Jt\n/KUjrtP7KsJdUlEozsUcxR9yFmbvEVQnFGDZNdXsrkS+hxAE3xxft6FN9iF7Nkxe\nxsB7NtCNyT/lQv9HoermL9NXdqN0lvj2iyBb+nWDAmwwBeWD8Nkdh/0AmO6BEHJz\nT2pVsamxY4ZuwNT3QckfAocCAwEAAQ==\n-----END PUBLIC KEY-----\n",
            "rsa_bits": 4096
          },
          "private": "bnVsbA=="
        }
      ]
    }
  ]
}
